Microsoft Visual Studio Solution File, Format Version 11.00
# Visual Studio 2008

Project("{D0E03D41-6393-F474-2C70-522FD9820EC4}") = "Playground1", "Assembly-CSharp-firstpass-vs.csproj", "{F309B5F7-7F9F-5D55-C5FA-F919B74E8A4B}"
EndProject
Project("{D0E03D41-6393-F474-2C70-522FD9820EC4}") = "Playground1", "Assembly-CSharp-vs.csproj", "{22BE439C-CF23-BB30-CC26-A7346C40CCC0}"
EndProject
Global
	GlobalSection(SolutionConfigurationPlatforms) = preSolution
		Debug|Any CPU = Debug|Any CPU
		Release|Any CPU = Release|Any CPU
	EndGlobalSection
	GlobalSection(ProjectConfigurationPlatforms) = postSolution
		{F309B5F7-7F9F-5D55-C5FA-F919B74E8A4B}.Debug|Any CPU.ActiveCfg = Debug|Any CPU
		{F309B5F7-7F9F-5D55-C5FA-F919B74E8A4B}.Debug|Any CPU.Build.0 = Debug|Any CPU
		{F309B5F7-7F9F-5D55-C5FA-F919B74E8A4B}.Release|Any CPU.ActiveCfg = Release|Any CPU
		{F309B5F7-7F9F-5D55-C5FA-F919B74E8A4B}.Release|Any CPU.Build.0 = Release|Any CPU
		{22BE439C-CF23-BB30-CC26-A7346C40CCC0}.Debug|Any CPU.ActiveCfg = Debug|Any CPU
		{22BE439C-CF23-BB30-CC26-A7346C40CCC0}.Debug|Any CPU.Build.0 = Debug|Any CPU
		{22BE439C-CF23-BB30-CC26-A7346C40CCC0}.Release|Any CPU.ActiveCfg = Release|Any CPU
		{22BE439C-CF23-BB30-CC26-A7346C40CCC0}.Release|Any CPU.Build.0 = Release|Any CPU
	EndGlobalSection
	GlobalSection(SolutionProperties) = preSolution
		HideSolutionNode = FALSE
	EndGlobalSection
																																GlobalSection(MonoDevelopProperties) = preSolution
		StartupItem = Assembly-CSharp.csproj
		Policies = $0
		$0.TextStylePolicy = $1
		$1.inheritsSet = null
		$1.scope = text/x-csharp
		$0.CSharpFormattingPolicy = $2
		$2.inheritsSet = Mono
		$2.inheritsScope = text/x-csharp
		$2.scope = text/x-csharp
		$0.TextStylePolicy = $3
		$3.FileWidth = 120
		$3.TabWidth = 4
		$3.EolMarker = Unix
		$3.inheritsSet = Mono
		$3.inheritsScope = text/plain
		$3.scope = text/plain
	EndGlobalSection

EndGlobal
